
Microsoft Visual Studio Solution File, Format Version 12.00
# Visual Studio Version 16
VisualStudioVersion = 16.0.28917.181
MinimumVisualStudioVersion = 10.0.40219.1
Project("{FAE04EC0-301F-11D3-BF4B-00C04F79EFBC}") = "AnbargolAngular", "AnbargolAngular\AnbargolAngular.csproj", "{B721FC56-04C8-44D2-867E-00AA97D7CED0}"
EndProject
Global
	GlobalSection(SolutionConfigurationPlatforms) = preSolution
		Debug|Any CPU = Debug|Any CPU
		Release|Any CPU = Release|Any CPU
	EndGlobalSection
	GlobalSection(ProjectConfigurationPlatforms) = postSolution
		{B721FC56-04C8-44D2-867E-00AA97D7CED0}.Debug|Any CPU.ActiveCfg = Debug|Any CPU
		{B721FC56-04C8-44D2-867E-00AA97D7CED0}.Debug|Any CPU.Build.0 = Debug|Any CPU
		{B721FC56-04C8-44D2-867E-00AA97D7CED0}.Release|Any CPU.ActiveCfg = Release|Any CPU
		{B721FC56-04C8-44D2-867E-00AA97D7CED0}.Release|Any CPU.Build.0 = Release|Any CPU
	EndGlobalSection
	GlobalSection(SolutionProperties) = preSolution
		HideSolutionNode = FALSE
	EndGlobalSection
	GlobalSection(ExtensibilityGlobals) = postSolution
		SolutionGuid = {2ACA7C9E-1844-49B4-AF16-A60E31BDA2EE}
	EndGlobalSection
EndGlobal
